{
  "name": "job-application-agent",
  "version": "3.0.0",
  "lockfileVersion": 3,
  "requires": true,
  "packages": {
    "": {
      "name": "job-application-agent",
      "version": "3.0.0",
      "license": "MIT",
      "bin": {
        "job-application-agent": "bin/job-application-agent.mjs"
      },
      "engines": {
        "node": ">=20"
      }
    }
  }
}
